<?xml version="1.0" encoding="utf-8"?>
<Project ToolsVersion="4.0" xmlns="http://schemas.microsoft.com/developer/msbuild/2003">
  <ItemGroup>
    <Filter Include="源文件">
      <UniqueIdentifier>{4FC737F1-C7A5-4376-A066-2A32D752A2FF}</UniqueIdentifier>
      <Extensions>cpp;c;cc;cxx;c++;cppm;ixx;def;odl;idl;hpj;bat;asm;asmx</Extensions>
    </Filter>
    <Filter Include="头文件">
      <UniqueIdentifier>{93995380-89BD-4b04-88EB-625FBE52EBFB}</UniqueIdentifier>
      <Extensions>h;hh;hpp;hxx;h++;hm;inl;inc;ipp;xsd</Extensions>
    </Filter>
    <Filter Include="资源文件">
      <UniqueIdentifier>{67DA6AB6-F800-4c08-8B7A-83BB121AAD01}</UniqueIdentifier>
      <Extensions>rc;ico;cur;bmp;dlg;rc2;rct;bin;rgs;gif;jpg;jpeg;jpe;resx;tiff;tif;png;wav;mfcribbon-ms</Extensions>
    </Filter>
    <Filter Include="头文件\crypt">
      <UniqueIdentifier>{a7f708fe-c9d1-4f45-8ba3-c04fdae6eeea}</UniqueIdentifier>
    </Filter>
    <Filter Include="源文件\crypt">
      <UniqueIdentifier>{80deca3d-c88a-4803-8a1f-8b4ae233112f}</UniqueIdentifier>
    </Filter>
    <Filter Include="头文件\function">
      <UniqueIdentifier>{4ff9b263-6581-43ce-a7a0-918f5d60b9ce}</UniqueIdentifier>
    </Filter>
    <Filter Include="源文件\function">
      <UniqueIdentifier>{8d4bf9fc-4325-4d2d-8b98-274418d44394}</UniqueIdentifier>
    </Filter>
  </ItemGroup>
  <ItemGroup>
    <ClCompile Include="FileHelper.cpp">
      <Filter>源文件</Filter>
    </ClCompile>
    <ClCompile Include="http.cpp">
      <Filter>源文件</Filter>
    </ClCompile>
    <ClCompile Include="https.cpp">
      <Filter>源文件</Filter>
    </ClCompile>
    <ClCompile Include="main.cpp">
      <Filter>源文件</Filter>
    </ClCompile>
    <ClCompile Include="packet.cpp">
      <Filter>源文件</Filter>
    </ClCompile>
    <ClCompile Include="public.cpp">
      <Filter>源文件</Filter>
    </ClCompile>
    <ClCompile Include="utils.cpp">
      <Filter>源文件</Filter>
    </ClCompile>
    <ClCompile Include="shell.cpp">
      <Filter>源文件\function</Filter>
    </ClCompile>
    <ClCompile Include="uuid.cpp">
      <Filter>源文件\function</Filter>
    </ClCompile>
    <ClCompile Include="md5.c">
      <Filter>源文件\crypt</Filter>
    </ClCompile>
    <ClCompile Include="base64.cpp">
      <Filter>源文件\crypt</Filter>
    </ClCompile>
    <ClCompile Include="zip.cpp">
      <Filter>源文件\crypt</Filter>
    </ClCompile>
    <ClCompile Include="command.cpp">
      <Filter>源文件\function</Filter>
    </ClCompile>
    <ClCompile Include="mission.cpp">
      <Filter>源文件\function</Filter>
    </ClCompile>
    <ClCompile Include="dialog.cpp">
      <Filter>源文件</Filter>
    </ClCompile>
    <ClCompile Include="dlgFiles.cpp">
      <Filter>源文件</Filter>
    </ClCompile>
    <ClCompile Include="dlgCmd.cpp">
      <Filter>源文件</Filter>
    </ClCompile>
    <ClCompile Include="dlgHeartbeat.cpp">
      <Filter>源文件</Filter>
    </ClCompile>
    <ClCompile Include="dlgOnline.cpp">
      <Filter>源文件</Filter>
    </ClCompile>
    <ClCompile Include="dlgUpload.cpp">
      <Filter>源文件</Filter>
    </ClCompile>
  </ItemGroup>
  <ItemGroup>
    <ClInclude Include="FileHelper.h">
      <Filter>头文件</Filter>
    </ClInclude>
    <ClInclude Include="http.h">
      <Filter>头文件</Filter>
    </ClInclude>
    <ClInclude Include="https.h">
      <Filter>头文件</Filter>
    </ClInclude>
    <ClInclude Include="main.h">
      <Filter>头文件</Filter>
    </ClInclude>
    <ClInclude Include="packet.h">
      <Filter>头文件</Filter>
    </ClInclude>
    <ClInclude Include="public.h">
      <Filter>头文件</Filter>
    </ClInclude>
    <ClInclude Include="utils.h">
      <Filter>头文件</Filter>
    </ClInclude>
    <ClInclude Include="shell.h">
      <Filter>头文件\function</Filter>
    </ClInclude>
    <ClInclude Include="uuid.h">
      <Filter>头文件\function</Filter>
    </ClInclude>
    <ClInclude Include="base64.h">
      <Filter>头文件\crypt</Filter>
    </ClInclude>
    <ClInclude Include="md5.h">
      <Filter>头文件\crypt</Filter>
    </ClInclude>
    <ClInclude Include="zip.h">
      <Filter>头文件\crypt</Filter>
    </ClInclude>
    <ClInclude Include="command.h">
      <Filter>头文件\function</Filter>
    </ClInclude>
    <ClInclude Include="mission.h">
      <Filter>头文件\function</Filter>
    </ClInclude>
    <ClInclude Include="resource.h">
      <Filter>头文件</Filter>
    </ClInclude>
    <ClInclude Include="dialog.h">
      <Filter>头文件</Filter>
    </ClInclude>
    <ClInclude Include="dlgFiles.h">
      <Filter>头文件</Filter>
    </ClInclude>
    <ClInclude Include="dlgCmd.h">
      <Filter>头文件</Filter>
    </ClInclude>
    <ClInclude Include="dlgHeartbeat.h">
      <Filter>头文件</Filter>
    </ClInclude>
    <ClInclude Include="dlgOnline.h">
      <Filter>头文件</Filter>
    </ClInclude>
    <ClInclude Include="dlgUpload.h">
      <Filter>头文件</Filter>
    </ClInclude>
  </ItemGroup>
  <ItemGroup>
    <ResourceCompile Include="server.rc">
      <Filter>资源文件</Filter>
    </ResourceCompile>
  </ItemGroup>
  <ItemGroup>
    <None Include=".editorconfig" />
  </ItemGroup>
</Project>